// !$*UTF8*$!
{
	archiveVersion = 1;
	classes = {
	};
	objectVersion = 50;
	objects = {

/* Begin PBXBuildFile section */
		F0A238B2263C99AA006DC490 /* AppDelegate.swift in Sources */ = {isa = PBXBuildFile; fileRef = F0A238B1263C99AA006DC490 /* AppDelegate.swift */; };
		F0A238B4263C99AA006DC490 /* SceneDelegate.swift in Sources */ = {isa = PBXBuildFile; fileRef = F0A238B3263C99AA006DC490 /* SceneDelegate.swift */; };
		F0A238B6263C99AA006DC490 /* ContentView.swift in Sources */ = {isa = PBXBuildFile; fileRef = F0A238B5263C99AA006DC490 /* ContentView.swift */; };
		F0A238B8263C99AA006DC490 /* Assets.xcassets in Resources */ = {isa = PBXBuildFile; fileRef = F0A238B7263C99AA006DC490 /* Assets.xcassets */; };
		F0A238BB263C99AA006DC490 /* Preview Assets.xcassets in Resources */ = {isa = PBXBuildFile; fileRef = F0A238BA263C99AA006DC490 /* Preview Assets.xcassets */; };
		F0A238BE263C99AB006DC490 /* LaunchScreen.storyboard in Resources */ = {isa = PBXBuildFile; fileRef = F0A238BC263C99AB006DC490 /* LaunchScreen.storyboard */; };
		F0A238CB263C9C63006DC490 /* AvocadosView.swift in Sources */ = {isa = PBXBuildFile; fileRef = F0A238CA263C9C63006DC490 /* AvocadosView.swift */; };
		F0A238CF263C9C7D006DC490 /* RipeningStagesView.swift in Sources */ = {isa = PBXBuildFile; fileRef = F0A238CE263C9C7D006DC490 /* RipeningStagesView.swift */; };
		F0A238D2263C9C8A006DC490 /* SettingsView.swift in Sources */ = {isa = PBXBuildFile; fileRef = F0A238D1263C9C8A006DC490 /* SettingsView.swift */; };
		F0A238D5263C9C9C006DC490 /* AppView.swift in Sources */ = {isa = PBXBuildFile; fileRef = F0A238D4263C9C9C006DC490 /* AppView.swift */; };
		F0A238D8263C9DA1006DC490 /* FactData.swift in Sources */ = {isa = PBXBuildFile; fileRef = F0A238D7263C9DA1006DC490 /* FactData.swift */; };
		F0A238DD263C9DC5006DC490 /* HeaderData.swift in Sources */ = {isa = PBXBuildFile; fileRef = F0A238DA263C9DC5006DC490 /* HeaderData.swift */; };
		F0A238DE263C9DC5006DC490 /* RecipeData.swift in Sources */ = {isa = PBXBuildFile; fileRef = F0A238DB263C9DC5006DC490 /* RecipeData.swift */; };
		F0A238DF263C9DC5006DC490 /* RipeningData.swift in Sources */ = {isa = PBXBuildFile; fileRef = F0A238DC263C9DC5006DC490 /* RipeningData.swift */; };
		F0A238E2263C9E03006DC490 /* FactModel.swift in Sources */ = {isa = PBXBuildFile; fileRef = F0A238E1263C9E02006DC490 /* FactModel.swift */; };
		F0A238E7263C9E15006DC490 /* HeaderModel.swift in Sources */ = {isa = PBXBuildFile; fileRef = F0A238E4263C9E15006DC490 /* HeaderModel.swift */; };
		F0A238E8263C9E15006DC490 /* RecipeModel.swift in Sources */ = {isa = PBXBuildFile; fileRef = F0A238E5263C9E15006DC490 /* RecipeModel.swift */; };
		F0A238E9263C9E15006DC490 /* RipeningModel.swift in Sources */ = {isa = PBXBuildFile; fileRef = F0A238E6263C9E15006DC490 /* RipeningModel.swift */; };
		F0A238EC263C9E4E006DC490 /* HeaderView.swift in Sources */ = {isa = PBXBuildFile; fileRef = F0A238EB263C9E4E006DC490 /* HeaderView.swift */; };
		F0A238F5263C9E97006DC490 /* RecipeDetailView.swift in Sources */ = {isa = PBXBuildFile; fileRef = F0A238EE263C9E97006DC490 /* RecipeDetailView.swift */; };
		F0A238F6263C9E97006DC490 /* RipeningView.swift in Sources */ = {isa = PBXBuildFile; fileRef = F0A238EF263C9E97006DC490 /* RipeningView.swift */; };
		F0A238F7263C9E97006DC490 /* RecipeCardView.swift in Sources */ = {isa = PBXBuildFile; fileRef = F0A238F0263C9E97006DC490 /* RecipeCardView.swift */; };
		F0A238F8263C9E97006DC490 /* RecipeRatingView.swift in Sources */ = {isa = PBXBuildFile; fileRef = F0A238F1263C9E97006DC490 /* RecipeRatingView.swift */; };
		F0A238F9263C9E97006DC490 /* FactsView.swift in Sources */ = {isa = PBXBuildFile; fileRef = F0A238F2263C9E97006DC490 /* FactsView.swift */; };
		F0A238FA263C9E97006DC490 /* DishesView.swift in Sources */ = {isa = PBXBuildFile; fileRef = F0A238F3263C9E97006DC490 /* DishesView.swift */; };
		F0A238FB263C9E97006DC490 /* RecipeCookingView.swift in Sources */ = {isa = PBXBuildFile; fileRef = F0A238F4263C9E97006DC490 /* RecipeCookingView.swift */; };
/* End PBXBuildFile section */

/* Begin PBXFileReference section */
		F0A238AE263C99AA006DC490 /* Avocados.app */ = {isa = PBXFileReference; explicitFileType = wrapper.application; includeInIndex = 0; path = Avocados.app; sourceTree = BUILT_PRODUCTS_DIR; };
		F0A238B1263C99AA006DC490 /* AppDelegate.swift */ = {isa = PBXFileReference; lastKnownFileType = sourcecode.swift; path = AppDelegate.swift; sourceTree = "<group>"; };
		F0A238B3263C99AA006DC490 /* SceneDelegate.swift */ = {isa = PBXFileReference; lastKnownFileType = sourcecode.swift; path = SceneDelegate.swift; sourceTree = "<group>"; };
		F0A238B5263C99AA006DC490 /* ContentView.swift */ = {isa = PBXFileReference; lastKnownFileType = sourcecode.swift; path = ContentView.swift; sourceTree = "<group>"; };
		F0A238B7263C99AA006DC490 /* Assets.xcassets */ = {isa = PBXFileReference; lastKnownFileType = folder.assetcatalog; path = Assets.xcassets; sourceTree = "<group>"; };
		F0A238BA263C99AA006DC490 /* Preview Assets.xcassets */ = {isa = PBXFileReference; lastKnownFileType = folder.assetcatalog; path = "Preview Assets.xcassets"; sourceTree = "<group>"; };
		F0A238BD263C99AB006DC490 /* Base */ = {isa = PBXFileReference; lastKnownFileType = file.storyboard; name = Base; path = Base.lproj/LaunchScreen.storyboard; sourceTree = "<group>"; };
		F0A238BF263C99AB006DC490 /* Info.plist */ = {isa = PBXFileReference; lastKnownFileType = text.plist.xml; path = Info.plist; sourceTree = "<group>"; };
		F0A238CA263C9C63006DC490 /* AvocadosView.swift */ = {isa = PBXFileReference; lastKnownFileType = sourcecode.swift; path = AvocadosView.swift; sourceTree = "<group>"; };
		F0A238CE263C9C7D006DC490 /* RipeningStagesView.swift */ = {isa = PBXFileReference; lastKnownFileType = sourcecode.swift; path = RipeningStagesView.swift; sourceTree = "<group>"; };
		F0A238D1263C9C8A006DC490 /* SettingsView.swift */ = {isa = PBXFileReference; lastKnownFileType = sourcecode.swift; path = SettingsView.swift; sourceTree = "<group>"; };
		F0A238D4263C9C9C006DC490 /* AppView.swift */ = {isa = PBXFileReference; lastKnownFileType = sourcecode.swift; path = AppView.swift; sourceTree = "<group>"; };
		F0A238D7263C9DA1006DC490 /* FactData.swift */ = {isa = PBXFileReference; lastKnownFileType = sourcecode.swift; path = FactData.swift; sourceTree = "<group>"; };
		F0A238DA263C9DC5006DC490 /* HeaderData.swift */ = {isa = PBXFileReference; fileEncoding = 4; lastKnownFileType = sourcecode.swift; path = HeaderData.swift; sourceTree = "<group>"; };
		F0A238DB263C9DC5006DC490 /* RecipeData.swift */ = {isa = PBXFileReference; fileEncoding = 4; lastKnownFileType = sourcecode.swift; path = RecipeData.swift; sourceTree = "<group>"; };
		F0A238DC263C9DC5006DC490 /* RipeningData.swift */ = {isa = PBXFileReference; fileEncoding = 4; lastKnownFileType = sourcecode.swift; path = RipeningData.swift; sourceTree = "<group>"; };
		F0A238E1263C9E02006DC490 /* FactModel.swift */ = {isa = PBXFileReference; lastKnownFileType = sourcecode.swift; path = FactModel.swift; sourceTree = "<group>"; };
		F0A238E4263C9E15006DC490 /* HeaderModel.swift */ = {isa = PBXFileReference; fileEncoding = 4; lastKnownFileType = sourcecode.swift; path = HeaderModel.swift; sourceTree = "<group>"; };
		F0A238E5263C9E15006DC490 /* RecipeModel.swift */ = {isa = PBXFileReference; fileEncoding = 4; lastKnownFileType = sourcecode.swift; path = RecipeModel.swift; sourceTree = "<group>"; };
		F0A238E6263C9E15006DC490 /* RipeningModel.swift */ = {isa = PBXFileReference; fileEncoding = 4; lastKnownFileType = sourcecode.swift; path = RipeningModel.swift; sourceTree = "<group>"; };
		F0A238EB263C9E4E006DC490 /* HeaderView.swift */ = {isa = PBXFileReference; lastKnownFileType = sourcecode.swift; path = HeaderView.swift; sourceTree = "<group>"; };
		F0A238EE263C9E97006DC490 /* RecipeDetailView.swift */ = {isa = PBXFileReference; fileEncoding = 4; lastKnownFileType = sourcecode.swift; path = RecipeDetailView.swift; sourceTree = "<group>"; };
		F0A238EF263C9E97006DC490 /* RipeningView.swift */ = {isa = PBXFileReference; fileEncoding = 4; lastKnownFileType = sourcecode.swift; path = RipeningView.swift; sourceTree = "<group>"; };
		F0A238F0263C9E97006DC490 /* RecipeCardView.swift */ = {isa = PBXFileReference; fileEncoding = 4; lastKnownFileType = sourcecode.swift; path = RecipeCardView.swift; sourceTree = "<group>"; };
		F0A238F1263C9E97006DC490 /* RecipeRatingView.swift */ = {isa = PBXFileReference; fileEncoding = 4; lastKnownFileType = sourcecode.swift; path = RecipeRatingView.swift; sourceTree = "<group>"; };
		F0A238F2263C9E97006DC490 /* FactsView.swift */ = {isa = PBXFileReference; fileEncoding = 4; lastKnownFileType = sourcecode.swift; path = FactsView.swift; sourceTree = "<group>"; };
		F0A238F3263C9E97006DC490 /* DishesView.swift */ = {isa = PBXFileReference; fileEncoding = 4; lastKnownFileType = sourcecode.swift; path = DishesView.swift; sourceTree = "<group>"; };
		F0A238F4263C9E97006DC490 /* RecipeCookingView.swift */ = {isa = PBXFileReference; fileEncoding = 4; lastKnownFileType = sourcecode.swift; path = RecipeCookingView.swift; sourceTree = "<group>"; };
/* End PBXFileReference section */

/* Begin PBXFrameworksBuildPhase section */
		F0A238AB263C99AA006DC490 /* Frameworks */ = {
			isa = PBXFrameworksBuildPhase;
			buildActionMask = 2147483647;
			files = (
			);
			runOnlyForDeploymentPostprocessing = 0;
		};
/* End PBXFrameworksBuildPhase section */

/* Begin PBXGroup section */
		F0037BAC2679C7CA00B57671 /* Support Files */ = {
			isa = PBXGroup;
			children = (
				F0A238B1263C99AA006DC490 /* AppDelegate.swift */,
				F0A238B3263C99AA006DC490 /* SceneDelegate.swift */,
				F0A238B7263C99AA006DC490 /* Assets.xcassets */,
				F0A238BC263C99AB006DC490 /* LaunchScreen.storyboard */,
				F0A238BF263C99AB006DC490 /* Info.plist */,
			);
			path = "Support Files";
			sourceTree = "<group>";
		};
		F0A238A5263C99AA006DC490 = {
			isa = PBXGroup;
			children = (
				F0A238B0263C99AA006DC490 /* Avocados */,
				F0A238AF263C99AA006DC490 /* Products */,
			);
			sourceTree = "<group>";
		};
		F0A238AF263C99AA006DC490 /* Products */ = {
			isa = PBXGroup;
			children = (
				F0A238AE263C99AA006DC490 /* Avocados.app */,
			);
			name = Products;
			sourceTree = "<group>";
		};
		F0A238B0263C99AA006DC490 /* Avocados */ = {
			isa = PBXGroup;
			children = (
				F0A238C9263C9C45006DC490 /* View */,
				F0A238C8263C9C3F006DC490 /* Model */,
				F0A238C7263C9C38006DC490 /* Data */,
				F0037BAC2679C7CA00B57671 /* Support Files */,
				F0A238B9263C99AA006DC490 /* Preview Content */,
			);
			path = Avocados;
			sourceTree = "<group>";
		};
		F0A238B9263C99AA006DC490 /* Preview Content */ = {
			isa = PBXGroup;
			children = (
				F0A238BA263C99AA006DC490 /* Preview Assets.xcassets */,
			);
			path = "Preview Content";
			sourceTree = "<group>";
		};
		F0A238C7263C9C38006DC490 /* Data */ = {
			isa = PBXGroup;
			children = (
				F0A238DA263C9DC5006DC490 /* HeaderData.swift */,
				F0A238DB263C9DC5006DC490 /* RecipeData.swift */,
				F0A238DC263C9DC5006DC490 /* RipeningData.swift */,
				F0A238D7263C9DA1006DC490 /* FactData.swift */,
			);
			path = Data;
			sourceTree = "<group>";
		};
		F0A238C8263C9C3F006DC490 /* Model */ = {
			isa = PBXGroup;
			children = (
				F0A238E4263C9E15006DC490 /* HeaderModel.swift */,
				F0A238E5263C9E15006DC490 /* RecipeModel.swift */,
				F0A238E6263C9E15006DC490 /* RipeningModel.swift */,
				F0A238E1263C9E02006DC490 /* FactModel.swift */,
			);
			path = Model;
			sourceTree = "<group>";
		};
		F0A238C9263C9C45006DC490 /* View */ = {
			isa = PBXGroup;
			children = (
				F0A238B5263C99AA006DC490 /* ContentView.swift */,
				F0A238CA263C9C63006DC490 /* AvocadosView.swift */,
				F0A238CE263C9C7D006DC490 /* RipeningStagesView.swift */,
				F0A238D1263C9C8A006DC490 /* SettingsView.swift */,
				F0A238D4263C9C9C006DC490 /* AppView.swift */,
				F0A238EB263C9E4E006DC490 /* HeaderView.swift */,
				F0A238F3263C9E97006DC490 /* DishesView.swift */,
				F0A238F2263C9E97006DC490 /* FactsView.swift */,
				F0A238F0263C9E97006DC490 /* RecipeCardView.swift */,
				F0A238F4263C9E97006DC490 /* RecipeCookingView.swift */,
				F0A238EE263C9E97006DC490 /* RecipeDetailView.swift */,
				F0A238F1263C9E97006DC490 /* RecipeRatingView.swift */,
				F0A238EF263C9E97006DC490 /* RipeningView.swift */,
			);
			path = View;
			sourceTree = "<group>";
		};
/* End PBXGroup section */

/* Begin PBXNativeTarget section */
		F0A238AD263C99AA006DC490 /* Avocados */ = {
			isa = PBXNativeTarget;
			buildConfigurationList = F0A238C2263C99AB006DC490 /* Build configuration list for PBXNativeTarget "Avocados" */;
			buildPhases = (
				F0A238AA263C99AA006DC490 /* Sources */,
				F0A238AB263C99AA006DC490 /* Frameworks */,
				F0A238AC263C99AA006DC490 /* Resources */,
			);
			buildRules = (
			);
			dependencies = (
			);
			name = Avocados;
			productName = AvocadosProject;
			productReference = F0A238AE263C99AA006DC490 /* Avocados.app */;
			productType = "com.apple.product-type.application";
		};
/* End PBXNativeTarget section */

/* Begin PBXProject section */
		F0A238A6263C99AA006DC490 /* Project object */ = {
			isa = PBXProject;
			attributes = {
				LastSwiftUpdateCheck = 1240;
				LastUpgradeCheck = 1240;
				TargetAttributes = {
					F0A238AD263C99AA006DC490 = {
						CreatedOnToolsVersion = 12.4;
					};
				};
			};
			buildConfigurationList = F0A238A9263C99AA006DC490 /* Build configuration list for PBXProject "Avocados" */;
			compatibilityVersion = "Xcode 9.3";
			developmentRegion = en;
			hasScannedForEncodings = 0;
			knownRegions = (
				en,
				Base,
			);
			mainGroup = F0A238A5263C99AA006DC490;
			productRefGroup = F0A238AF263C99AA006DC490 /* Products */;
			projectDirPath = "";
			projectRoot = "";
			targets = (
				F0A238AD263C99AA006DC490 /* Avocados */,
			);
		};
/* End PBXProject section */

/* Begin PBXResourcesBuildPhase section */
		F0A238AC263C99AA006DC490 /* Resources */ = {
			isa = PBXResourcesBuildPhase;
			buildActionMask = 2147483647;
			files = (
				F0A238BE263C99AB006DC490 /* LaunchScreen.storyboard in Resources */,
				F0A238BB263C99AA006DC490 /* Preview Assets.xcassets in Resources */,
				F0A238B8263C99AA006DC490 /* Assets.xcassets in Resources */,
			);
			runOnlyForDeploymentPostprocessing = 0;
		};
/* End PBXResourcesBuildPhase section */

/* Begin PBXSourcesBuildPhase section */
		F0A238AA263C99AA006DC490 /* Sources */ = {
			isa = PBXSourcesBuildPhase;
			buildActionMask = 2147483647;
			files = (
				F0A238CB263C9C63006DC490 /* AvocadosView.swift in Sources */,
				F0A238D8263C9DA1006DC490 /* FactData.swift in Sources */,
				F0A238E9263C9E15006DC490 /* RipeningModel.swift in Sources */,
				F0A238CF263C9C7D006DC490 /* RipeningStagesView.swift in Sources */,
				F0A238F6263C9E97006DC490 /* RipeningView.swift in Sources */,
				F0A238B2263C99AA006DC490 /* AppDelegate.swift in Sources */,
				F0A238D5263C9C9C006DC490 /* AppView.swift in Sources */,
				F0A238DF263C9DC5006DC490 /* RipeningData.swift in Sources */,
				F0A238FA263C9E97006DC490 /* DishesView.swift in Sources */,
				F0A238D2263C9C8A006DC490 /* SettingsView.swift in Sources */,
				F0A238E8263C9E15006DC490 /* RecipeModel.swift in Sources */,
				F0A238E7263C9E15006DC490 /* HeaderModel.swift in Sources */,
				F0A238B4263C99AA006DC490 /* SceneDelegate.swift in Sources */,
				F0A238DE263C9DC5006DC490 /* RecipeData.swift in Sources */,
				F0A238F9263C9E97006DC490 /* FactsView.swift in Sources */,
				F0A238F8263C9E97006DC490 /* RecipeRatingView.swift in Sources */,
				F0A238E2263C9E03006DC490 /* FactModel.swift in Sources */,
				F0A238DD263C9DC5006DC490 /* HeaderData.swift in Sources */,
				F0A238B6263C99AA006DC490 /* ContentView.swift in Sources */,
				F0A238EC263C9E4E006DC490 /* HeaderView.swift in Sources */,
				F0A238FB263C9E97006DC490 /* RecipeCookingView.swift in Sources */,
				F0A238F5263C9E97006DC490 /* RecipeDetailView.swift in Sources */,
				F0A238F7263C9E97006DC490 /* RecipeCardView.swift in Sources */,
			);
			runOnlyForDeploymentPostprocessing = 0;
		};
/* End PBXSourcesBuildPhase section */

/* Begin PBXVariantGroup section */
		F0A238BC263C99AB006DC490 /* LaunchScreen.storyboard */ = {
			isa = PBXVariantGroup;
			children = (
				F0A238BD263C99AB006DC490 /* Base */,
			);
			name = LaunchScreen.storyboard;
			sourceTree = "<group>";
		};
/* End PBXVariantGroup section */

/* Begin XCBuildConfiguration section */
		F0A238C0263C99AB006DC490 /* Debug */ = {
			isa = XCBuildConfiguration;
			buildSettings = {
				ALWAYS_SEARCH_USER_PATHS = NO;
				CLANG_ANALYZER_NONNULL = YES;
				CLANG_ANALYZER_NUMBER_OBJECT_CONVERSION = YES_AGGRESSIVE;
				CLANG_CXX_LANGUAGE_STANDARD = "gnu++14";
				CLANG_CXX_LIBRARY = "libc++";
				CLANG_ENABLE_MODULES = YES;
				CLANG_ENABLE_OBJC_ARC = YES;
				CLANG_ENABLE_OBJC_WEAK = YES;
				CLANG_WARN_BLOCK_CAPTURE_AUTORELEASING = YES;
				CLANG_WARN_BOOL_CONVERSION = YES;
				CLANG_WARN_COMMA = YES;
				CLANG_WARN_CONSTANT_CONVERSION = YES;
				CLANG_WARN_DEPRECATED_OBJC_IMPLEMENTATIONS = YES;
				CLANG_WARN_DIRECT_OBJC_ISA_USAGE = YES_ERROR;
				CLANG_WARN_DOCUMENTATION_COMMENTS = YES;
				CLANG_WARN_EMPTY_BODY = YES;
				CLANG_WARN_ENUM_CONVERSION = YES;
				CLANG_WARN_INFINITE_RECURSION = YES;
				CLANG_WARN_INT_CONVERSION = YES;
				CLANG_WARN_NON_LITERAL_NULL_CONVERSION = YES;
				CLANG_WARN_OBJC_IMPLICIT_RETAIN_SELF = YES;
				CLANG_WARN_OBJC_LITERAL_CONVERSION = YES;
				CLANG_WARN_OBJC_ROOT_CLASS = YES_ERROR;
				CLANG_WARN_QUOTED_INCLUDE_IN_FRAMEWORK_HEADER = YES;
				CLANG_WARN_RANGE_LOOP_ANALYSIS = YES;
				CLANG_WARN_STRICT_PROTOTYPES = YES;
				CLANG_WARN_SUSPICIOUS_MOVE = YES;
				CLANG_WARN_UNGUARDED_AVAILABILITY = YES_AGGRESSIVE;
				CLANG_WARN_UNREACHABLE_CODE = YES;
				CLANG_WARN__DUPLICATE_METHOD_MATCH = YES;
				COPY_PHASE_STRIP = NO;
				DEBUG_INFORMATION_FORMAT = dwarf;
				ENABLE_STRICT_OBJC_MSGSEND = YES;
				ENABLE_TESTABILITY = YES;
				GCC_C_LANGUAGE_STANDARD = gnu11;
				GCC_DYNAMIC_NO_PIC = NO;
				GCC_NO_COMMON_BLOCKS = YES;
				GCC_OPTIMIZATION_LEVEL = 0;
				GCC_PREPROCESSOR_DEFINITIONS = (
					"DEBUG=1",
					"$(inherited)",
				);
				GCC_WARN_64_TO_32_BIT_CONVERSION = YES;
				GCC_WARN_ABOUT_RETURN_TYPE = YES_ERROR;
				GCC_WARN_UNDECLARED_SELECTOR = YES;
				GCC_WARN_UNINITIALIZED_AUTOS = YES_AGGRESSIVE;
				GCC_WARN_UNUSED_FUNCTION = YES;
				GCC_WARN_UNUSED_VARIABLE = YES;
				IPHONEOS_DEPLOYMENT_TARGET = 14.4;
				MTL_ENABLE_DEBUG_INFO = INCLUDE_SOURCE;
				MTL_FAST_MATH = YES;
				ONLY_ACTIVE_ARCH = YES;
				SDKROOT = iphoneos;
				SWIFT_ACTIVE_COMPILATION_CONDITIONS = DEBUG;
				SWIFT_OPTIMIZATION_LEVEL = "-Onone";
			};
			name = Debug;
		};
		F0A238C1263C99AB006DC490 /* Release */ = {
			isa = XCBuildConfiguration;
			buildSettings = {
				ALWAYS_SEARCH_USER_PATHS = NO;
				CLANG_ANALYZER_NONNULL = YES;
				CLANG_ANALYZER_NUMBER_OBJECT_CONVERSION = YES_AGGRESSIVE;
				CLANG_CXX_LANGUAGE_STANDARD = "gnu++14";
				CLANG_CXX_LIBRARY = "libc++";
				CLANG_ENABLE_MODULES = YES;
				CLANG_ENABLE_OBJC_ARC = YES;
				CLANG_ENABLE_OBJC_WEAK = YES;
				CLANG_WARN_BLOCK_CAPTURE_AUTORELEASING = YES;
				CLANG_WARN_BOOL_CONVERSION = YES;
				CLANG_WARN_COMMA = YES;
				CLANG_WARN_CONSTANT_CONVERSION = YES;
				CLANG_WARN_DEPRECATED_OBJC_IMPLEMENTATIONS = YES;
				CLANG_WARN_DIRECT_OBJC_ISA_USAGE = YES_ERROR;
				CLANG_WARN_DOCUMENTATION_COMMENTS = YES;
				CLANG_WARN_EMPTY_BODY = YES;
				CLANG_WARN_ENUM_CONVERSION = YES;
				CLANG_WARN_INFINITE_RECURSION = YES;
				CLANG_WARN_INT_CONVERSION = YES;
				CLANG_WARN_NON_LITERAL_NULL_CONVERSION = YES;
				CLANG_WARN_OBJC_IMPLICIT_RETAIN_SELF = YES;
				CLANG_WARN_OBJC_LITERAL_CONVERSION = YES;
				CLANG_WARN_OBJC_ROOT_CLASS = YES_ERROR;
				CLANG_WARN_QUOTED_INCLUDE_IN_FRAMEWORK_HEADER = YES;
				CLANG_WARN_RANGE_LOOP_ANALYSIS = YES;
				CLANG_WARN_STRICT_PROTOTYPES = YES;
				CLANG_WARN_SUSPICIOUS_MOVE = YES;
				CLANG_WARN_UNGUARDED_AVAILABILITY = YES_AGGRESSIVE;
				CLANG_WARN_UNREACHABLE_CODE = YES;
				CLANG_WARN__DUPLICATE_METHOD_MATCH = YES;
				COPY_PHASE_STRIP = NO;
				DEBUG_INFORMATION_FORMAT = "dwarf-with-dsym";
				ENABLE_NS_ASSERTIONS = NO;
				ENABLE_STRICT_OBJC_MSGSEND = YES;
				GCC_C_LANGUAGE_STANDARD = gnu11;
				GCC_NO_COMMON_BLOCKS = YES;
				GCC_WARN_64_TO_32_BIT_CONVERSION = YES;
				GCC_WARN_ABOUT_RETURN_TYPE = YES_ERROR;
				GCC_WARN_UNDECLARED_SELECTOR = YES;
				GCC_WARN_UNINITIALIZED_AUTOS = YES_AGGRESSIVE;
				GCC_WARN_UNUSED_FUNCTION = YES;
				GCC_WARN_UNUSED_VARIABLE = YES;
				IPHONEOS_DEPLOYMENT_TARGET = 14.4;
				MTL_ENABLE_DEBUG_INFO = NO;
				MTL_FAST_MATH = YES;
				SDKROOT = iphoneos;
				SWIFT_COMPILATION_MODE = wholemodule;
				SWIFT_OPTIMIZATION_LEVEL = "-O";
				VALIDATE_PRODUCT = YES;
			};
			name = Release;
		};
		F0A238C3263C99AB006DC490 /* Debug */ = {
			isa = XCBuildConfiguration;
			buildSettings = {
				ASSETCATALOG_COMPILER_APPICON_NAME = AppIcon;
				ASSETCATALOG_COMPILER_GLOBAL_ACCENT_COLOR_NAME = AccentColor;
				CODE_SIGN_STYLE = Automatic;
				DEVELOPMENT_ASSET_PATHS = "\"Avocados/Preview Content\"";
				DEVELOPMENT_TEAM = QMW26WR72K;
				ENABLE_PREVIEWS = YES;
				INFOPLIST_FILE = "Avocados/Support Files/Info.plist";
				LD_RUNPATH_SEARCH_PATHS = (
					"$(inherited)",
					"@executable_path/Frameworks",
				);
				PRODUCT_BUNDLE_IDENTIFIER = co.armanabkar.Avocados;
				PRODUCT_NAME = "$(TARGET_NAME)";
				SWIFT_VERSION = 5.0;
				TARGETED_DEVICE_FAMILY = "1,2";
			};
			name = Debug;
		};
		F0A238C4263C99AB006DC490 /* Release */ = {
			isa = XCBuildConfiguration;
			buildSettings = {
				ASSETCATALOG_COMPILER_APPICON_NAME = AppIcon;
				ASSETCATALOG_COMPILER_GLOBAL_ACCENT_COLOR_NAME = AccentColor;
				CODE_SIGN_STYLE = Automatic;
				DEVELOPMENT_ASSET_PATHS = "\"Avocados/Preview Content\"";
				DEVELOPMENT_TEAM = QMW26WR72K;
				ENABLE_PREVIEWS = YES;
				INFOPLIST_FILE = "Avocados/Support Files/Info.plist";
				LD_RUNPATH_SEARCH_PATHS = (
					"$(inherited)",
					"@executable_path/Frameworks",
				);
				PRODUCT_BUNDLE_IDENTIFIER = co.armanabkar.Avocados;
				PRODUCT_NAME = "$(TARGET_NAME)";
				SWIFT_VERSION = 5.0;
				TARGETED_DEVICE_FAMILY = "1,2";
			};
			name = Release;
		};
/* End XCBuildConfiguration section */

/* Begin XCConfigurationList section */
		F0A238A9263C99AA006DC490 /* Build configuration list for PBXProject "Avocados" */ = {
			isa = XCConfigurationList;
			buildConfigurations = (
				F0A238C0263C99AB006DC490 /* Debug */,
				F0A238C1263C99AB006DC490 /* Release */,
			);
			defaultConfigurationIsVisible = 0;
			defaultConfigurationName = Release;
		};
		F0A238C2263C99AB006DC490 /* Build configuration list for PBXNativeTarget "Avocados" */ = {
			isa = XCConfigurationList;
			buildConfigurations = (
				F0A238C3263C99AB006DC490 /* Debug */,
				F0A238C4263C99AB006DC490 /* Release */,
			);
			defaultConfigurationIsVisible = 0;
			defaultConfigurationName = Release;
		};
/* End XCConfigurationList section */
	};
	rootObject = F0A238A6263C99AA006DC490 /* Project object */;
}
